
Microsoft Visual Studio Solution File, Format Version 12.00
# Visual Studio Version 16
VisualStudioVersion = 16.0.31702.278
MinimumVisualStudioVersion = 10.0.40219.1
Project("{FAE04EC0-301F-11D3-BF4B-00C04F79EFBC}") = "LibarySystem", "LibarySystem\LibarySystem.csproj", "{3A281984-CD85-49D4-ACC4-B686BC549977}"
EndProject
Global
	GlobalSection(SolutionConfigurationPlatforms) = preSolution
		Debug|Any CPU = Debug|Any CPU
		Release|Any CPU = Release|Any CPU
	EndGlobalSection
	GlobalSection(ProjectConfigurationPlatforms) = postSolution
		{3A281984-CD85-49D4-ACC4-B686BC549977}.Debug|Any CPU.ActiveCfg = Debug|Any CPU
		{3A281984-CD85-49D4-ACC4-B686BC549977}.Debug|Any CPU.Build.0 = Debug|Any CPU
		{3A281984-CD85-49D4-ACC4-B686BC549977}.Release|Any CPU.ActiveCfg = Release|Any CPU
		{3A281984-CD85-49D4-ACC4-B686BC549977}.Release|Any CPU.Build.0 = Release|Any CPU
	EndGlobalSection
	GlobalSection(SolutionProperties) = preSolution
		HideSolutionNode = FALSE
	EndGlobalSection
	GlobalSection(ExtensibilityGlobals) = postSolution
		SolutionGuid = {E9B2CE07-4F2B-42D6-8CF9-D34AAC92866A}
	EndGlobalSection
EndGlobal
